
Microsoft Visual Studio Solution File, Format Version 12.00
# Visual Studio Version 17
VisualStudioVersion = 17.14.36603.0
MinimumVisualStudioVersion = 10.0.40219.1
Project("{FAE04EC0-301F-11D3-BF4B-00C04F79EFBC}") = "OrderService.WebApi", "OrderService.WebApi\OrderService.WebApi.csproj", "{B7DD7902-C854-450F-A555-5D05B753E338}"
EndProject
Project("{FAE04EC0-301F-11D3-BF4B-00C04F79EFBC}") = "OrderService.DataAccess.Postgres", "OrderService.DataAccess.Postgres\OrderService.DataAccess.Postgres.csproj", "{56137353-722B-41CA-8BA1-F8BDBEE419F7}"
EndProject
Project("{FAE04EC0-301F-11D3-BF4B-00C04F79EFBC}") = "PaymentService.WebApi", "PaymentService.WebApi\PaymentService.WebApi.csproj", "{8A8BC47E-04BC-4A60-BE1B-310F8CAACBEA}"
EndProject
Project("{FAE04EC0-301F-11D3-BF4B-00C04F79EFBC}") = "PaymentService.DataAccess.Postgres", "PaymentService.DataAccess.Postgres\PaymentService.DataAccess.Postgres.csproj", "{9AEC63D1-6E79-4B62-AB59-0A5BD634CA24}"
EndProject
Project("{2150E333-8FDC-42A3-9474-1A3956D46DE8}") = "OrderService", "OrderService", "{36D591C7-65C7-A0D1-1CBC-10CDE441BDC8}"
EndProject
Project("{2150E333-8FDC-42A3-9474-1A3956D46DE8}") = "PaymentService", "PaymentService", "{66957C00-4C78-49A8-BE0F-D898D79A6E2C}"
EndProject
Project("{2150E333-8FDC-42A3-9474-1A3956D46DE8}") = "NotificationService", "NotificationService", "{C6130C64-C8AD-4244-BE7B-4C326E89C842}"
EndProject
Project("{FAE04EC0-301F-11D3-BF4B-00C04F79EFBC}") = "NotificationService.WebApi", "NotificationService.WebApi\NotificationService.WebApi.csproj", "{D82F5664-B285-46D2-B2BC-3583A358DEAA}"
EndProject
Project("{E53339B2-1760-4266-BCC7-CA923CBCF16C}") = "docker-compose", "docker-compose.dcproj", "{81DDED9D-158B-E303-5F62-77A2896D2A5A}"
EndProject
Project("{FAE04EC0-301F-11D3-BF4B-00C04F79EFBC}") = "OrderService.Tests", "OrderService.Tests\OrderService.Tests.csproj", "{03F2419A-7C18-ED54-9634-23F41072AFF2}"
EndProject
Project("{FAE04EC0-301F-11D3-BF4B-00C04F79EFBC}") = "PaymentService.Tests", "PaymentService.Tests\PaymentService.Tests.csproj", "{D55792F0-640F-8934-6E05-661CD361CDF5}"
EndProject
Global
	GlobalSection(SolutionConfigurationPlatforms) = preSolution
		Debug|Any CPU = Debug|Any CPU
		Debug|x64 = Debug|x64
		Release|Any CPU = Release|Any CPU
		Release|x64 = Release|x64
	EndGlobalSection
	GlobalSection(ProjectConfigurationPlatforms) = postSolution
		{B7DD7902-C854-450F-A555-5D05B753E338}.Debug|Any CPU.ActiveCfg = Debug|Any CPU
		{B7DD7902-C854-450F-A555-5D05B753E338}.Debug|Any CPU.Build.0 = Debug|Any CPU
		{B7DD7902-C854-450F-A555-5D05B753E338}.Debug|x64.ActiveCfg = Debug|x64
		{B7DD7902-C854-450F-A555-5D05B753E338}.Debug|x64.Build.0 = Debug|x64
		{B7DD7902-C854-450F-A555-5D05B753E338}.Release|Any CPU.ActiveCfg = Release|Any CPU
		{B7DD7902-C854-450F-A555-5D05B753E338}.Release|Any CPU.Build.0 = Release|Any CPU
		{B7DD7902-C854-450F-A555-5D05B753E338}.Release|x64.ActiveCfg = Release|x64
		{B7DD7902-C854-450F-A555-5D05B753E338}.Release|x64.Build.0 = Release|x64
		{56137353-722B-41CA-8BA1-F8BDBEE419F7}.Debug|Any CPU.ActiveCfg = Debug|Any CPU
		{56137353-722B-41CA-8BA1-F8BDBEE419F7}.Debug|Any CPU.Build.0 = Debug|Any CPU
		{56137353-722B-41CA-8BA1-F8BDBEE419F7}.Debug|x64.ActiveCfg = Debug|x64
		{56137353-722B-41CA-8BA1-F8BDBEE419F7}.Debug|x64.Build.0 = Debug|x64
		{56137353-722B-41CA-8BA1-F8BDBEE419F7}.Release|Any CPU.ActiveCfg = Release|Any CPU
		{56137353-722B-41CA-8BA1-F8BDBEE419F7}.Release|Any CPU.Build.0 = Release|Any CPU
		{56137353-722B-41CA-8BA1-F8BDBEE419F7}.Release|x64.ActiveCfg = Release|x64
		{56137353-722B-41CA-8BA1-F8BDBEE419F7}.Release|x64.Build.0 = Release|x64
		{8A8BC47E-04BC-4A60-BE1B-310F8CAACBEA}.Debug|Any CPU.ActiveCfg = Debug|Any CPU
		{8A8BC47E-04BC-4A60-BE1B-310F8CAACBEA}.Debug|Any CPU.Build.0 = Debug|Any CPU
		{8A8BC47E-04BC-4A60-BE1B-310F8CAACBEA}.Debug|x64.ActiveCfg = Debug|Any CPU
		{8A8BC47E-04BC-4A60-BE1B-310F8CAACBEA}.Debug|x64.Build.0 = Debug|Any CPU
		{8A8BC47E-04BC-4A60-BE1B-310F8CAACBEA}.Release|Any CPU.ActiveCfg = Release|Any CPU
		{8A8BC47E-04BC-4A60-BE1B-310F8CAACBEA}.Release|Any CPU.Build.0 = Release|Any CPU
		{8A8BC47E-04BC-4A60-BE1B-310F8CAACBEA}.Release|x64.ActiveCfg = Release|Any CPU
		{8A8BC47E-04BC-4A60-BE1B-310F8CAACBEA}.Release|x64.Build.0 = Release|Any CPU
		{9AEC63D1-6E79-4B62-AB59-0A5BD634CA24}.Debug|Any CPU.ActiveCfg = Debug|Any CPU
		{9AEC63D1-6E79-4B62-AB59-0A5BD634CA24}.Debug|Any CPU.Build.0 = Debug|Any CPU
		{9AEC63D1-6E79-4B62-AB59-0A5BD634CA24}.Debug|x64.ActiveCfg = Debug|x64
		{9AEC63D1-6E79-4B62-AB59-0A5BD634CA24}.Debug|x64.Build.0 = Debug|x64
		{9AEC63D1-6E79-4B62-AB59-0A5BD634CA24}.Release|Any CPU.ActiveCfg = Release|Any CPU
		{9AEC63D1-6E79-4B62-AB59-0A5BD634CA24}.Release|Any CPU.Build.0 = Release|Any CPU
		{9AEC63D1-6E79-4B62-AB59-0A5BD634CA24}.Release|x64.ActiveCfg = Release|x64
		{9AEC63D1-6E79-4B62-AB59-0A5BD634CA24}.Release|x64.Build.0 = Release|x64
		{D82F5664-B285-46D2-B2BC-3583A358DEAA}.Debug|Any CPU.ActiveCfg = Debug|Any CPU
		{D82F5664-B285-46D2-B2BC-3583A358DEAA}.Debug|Any CPU.Build.0 = Debug|Any CPU
		{D82F5664-B285-46D2-B2BC-3583A358DEAA}.Debug|x64.ActiveCfg = Debug|Any CPU
		{D82F5664-B285-46D2-B2BC-3583A358DEAA}.Debug|x64.Build.0 = Debug|Any CPU
		{D82F5664-B285-46D2-B2BC-3583A358DEAA}.Release|Any CPU.ActiveCfg = Release|Any CPU
		{D82F5664-B285-46D2-B2BC-3583A358DEAA}.Release|Any CPU.Build.0 = Release|Any CPU
		{D82F5664-B285-46D2-B2BC-3583A358DEAA}.Release|x64.ActiveCfg = Release|Any CPU
		{D82F5664-B285-46D2-B2BC-3583A358DEAA}.Release|x64.Build.0 = Release|Any CPU
		{81DDED9D-158B-E303-5F62-77A2896D2A5A}.Debug|Any CPU.ActiveCfg = Debug|Any CPU
		{81DDED9D-158B-E303-5F62-77A2896D2A5A}.Debug|Any CPU.Build.0 = Debug|Any CPU
		{81DDED9D-158B-E303-5F62-77A2896D2A5A}.Debug|x64.ActiveCfg = Debug|x64
		{81DDED9D-158B-E303-5F62-77A2896D2A5A}.Debug|x64.Build.0 = Debug|x64
		{81DDED9D-158B-E303-5F62-77A2896D2A5A}.Release|Any CPU.ActiveCfg = Release|x64
		{81DDED9D-158B-E303-5F62-77A2896D2A5A}.Release|x64.ActiveCfg = Release|x64
		{81DDED9D-158B-E303-5F62-77A2896D2A5A}.Release|x64.Build.0 = Release|x64
		{03F2419A-7C18-ED54-9634-23F41072AFF2}.Debug|Any CPU.ActiveCfg = Debug|Any CPU
		{03F2419A-7C18-ED54-9634-23F41072AFF2}.Debug|Any CPU.Build.0 = Debug|Any CPU
		{03F2419A-7C18-ED54-9634-23F41072AFF2}.Debug|x64.ActiveCfg = Debug|Any CPU
		{03F2419A-7C18-ED54-9634-23F41072AFF2}.Debug|x64.Build.0 = Debug|Any CPU
		{03F2419A-7C18-ED54-9634-23F41072AFF2}.Release|Any CPU.ActiveCfg = Release|Any CPU
		{03F2419A-7C18-ED54-9634-23F41072AFF2}.Release|Any CPU.Build.0 = Release|Any CPU
		{03F2419A-7C18-ED54-9634-23F41072AFF2}.Release|x64.ActiveCfg = Release|Any CPU
		{03F2419A-7C18-ED54-9634-23F41072AFF2}.Release|x64.Build.0 = Release|Any CPU
		{D55792F0-640F-8934-6E05-661CD361CDF5}.Debug|Any CPU.ActiveCfg = Debug|Any CPU
		{D55792F0-640F-8934-6E05-661CD361CDF5}.Debug|Any CPU.Build.0 = Debug|Any CPU
		{D55792F0-640F-8934-6E05-661CD361CDF5}.Debug|x64.ActiveCfg = Debug|Any CPU
		{D55792F0-640F-8934-6E05-661CD361CDF5}.Debug|x64.Build.0 = Debug|Any CPU
		{D55792F0-640F-8934-6E05-661CD361CDF5}.Release|Any CPU.ActiveCfg = Release|Any CPU
		{D55792F0-640F-8934-6E05-661CD361CDF5}.Release|Any CPU.Build.0 = Release|Any CPU
		{D55792F0-640F-8934-6E05-661CD361CDF5}.Release|x64.ActiveCfg = Release|Any CPU
		{D55792F0-640F-8934-6E05-661CD361CDF5}.Release|x64.Build.0 = Release|Any CPU
	EndGlobalSection
	GlobalSection(SolutionProperties) = preSolution
		HideSolutionNode = FALSE
	EndGlobalSection
	GlobalSection(NestedProjects) = preSolution
		{B7DD7902-C854-450F-A555-5D05B753E338} = {36D591C7-65C7-A0D1-1CBC-10CDE441BDC8}
		{56137353-722B-41CA-8BA1-F8BDBEE419F7} = {36D591C7-65C7-A0D1-1CBC-10CDE441BDC8}
		{8A8BC47E-04BC-4A60-BE1B-310F8CAACBEA} = {66957C00-4C78-49A8-BE0F-D898D79A6E2C}
		{9AEC63D1-6E79-4B62-AB59-0A5BD634CA24} = {66957C00-4C78-49A8-BE0F-D898D79A6E2C}
		{D82F5664-B285-46D2-B2BC-3583A358DEAA} = {C6130C64-C8AD-4244-BE7B-4C326E89C842}
		{03F2419A-7C18-ED54-9634-23F41072AFF2} = {36D591C7-65C7-A0D1-1CBC-10CDE441BDC8}
		{D55792F0-640F-8934-6E05-661CD361CDF5} = {66957C00-4C78-49A8-BE0F-D898D79A6E2C}
	EndGlobalSection
	GlobalSection(ExtensibilityGlobals) = postSolution
		SolutionGuid = {4039AE49-1DBD-484E-9A27-2DFD48F65D7F}
	EndGlobalSection
EndGlobal
